
Microsoft Visual Studio Solution File, Format Version 12.00
# Visual Studio 15
Project("{FAE04EC0-301F-11D3-BF4B-00C04F79EFBC}") = "Assembly-CSharp", "Assembly-CSharp.csproj", "{26F11631-FE60-7D0B-FABF-598A1CF42C32}"
EndProject
Project("{FAE04EC0-301F-11D3-BF4B-00C04F79EFBC}") = "FMODUnity", "FMODUnity.csproj", "{97CC23AE-F46E-8DFF-181C-8FB0838FCA90}"
EndProject
Project("{FAE04EC0-301F-11D3-BF4B-00C04F79EFBC}") = "FMODUnityResonance", "FMODUnityResonance.csproj", "{A1AB0FB5-904F-692B-5808-8E11CA9C480D}"
EndProject
Project("{FAE04EC0-301F-11D3-BF4B-00C04F79EFBC}") = "FMODUnityEditor", "FMODUnityEditor.csproj", "{A9E42614-63F4-725E-7504-147A2980D0A5}"
EndProject
Project("{FAE04EC0-301F-11D3-BF4B-00C04F79EFBC}") = "Assembly-CSharp-Editor", "Assembly-CSharp-Editor.csproj", "{97D14F57-3D3E-68EA-3576-38CD69FB3EF6}"
EndProject
Project("{FAE04EC0-301F-11D3-BF4B-00C04F79EFBC}") = "FMODUnityResonanceEditor", "FMODUnityResonanceEditor.csproj", "{2B5ADDA0-2794-42BE-7EBA-BE1D1CE99C5A}"
EndProject
Global
	GlobalSection(SolutionConfigurationPlatforms) = preSolution
		Debug|Any CPU = Debug|Any CPU
		Release|Any CPU = Release|Any CPU
	EndGlobalSection
	GlobalSection(ProjectConfigurationPlatforms) = postSolution
		{26F11631-FE60-7D0B-FABF-598A1CF42C32}.Debug|Any CPU.ActiveCfg = Debug|Any CPU
		{26F11631-FE60-7D0B-FABF-598A1CF42C32}.Debug|Any CPU.Build.0 = Debug|Any CPU
		{26F11631-FE60-7D0B-FABF-598A1CF42C32}.Release|Any CPU.ActiveCfg = Release|Any CPU
		{26F11631-FE60-7D0B-FABF-598A1CF42C32}.Release|Any CPU.Build.0 = Release|Any CPU
		{97CC23AE-F46E-8DFF-181C-8FB0838FCA90}.Debug|Any CPU.ActiveCfg = Debug|Any CPU
		{97CC23AE-F46E-8DFF-181C-8FB0838FCA90}.Debug|Any CPU.Build.0 = Debug|Any CPU
		{97CC23AE-F46E-8DFF-181C-8FB0838FCA90}.Release|Any CPU.ActiveCfg = Release|Any CPU
		{97CC23AE-F46E-8DFF-181C-8FB0838FCA90}.Release|Any CPU.Build.0 = Release|Any CPU
		{A1AB0FB5-904F-692B-5808-8E11CA9C480D}.Debug|Any CPU.ActiveCfg = Debug|Any CPU
		{A1AB0FB5-904F-692B-5808-8E11CA9C480D}.Debug|Any CPU.Build.0 = Debug|Any CPU
		{A1AB0FB5-904F-692B-5808-8E11CA9C480D}.Release|Any CPU.ActiveCfg = Release|Any CPU
		{A1AB0FB5-904F-692B-5808-8E11CA9C480D}.Release|Any CPU.Build.0 = Release|Any CPU
		{A9E42614-63F4-725E-7504-147A2980D0A5}.Debug|Any CPU.ActiveCfg = Debug|Any CPU
		{A9E42614-63F4-725E-7504-147A2980D0A5}.Debug|Any CPU.Build.0 = Debug|Any CPU
		{A9E42614-63F4-725E-7504-147A2980D0A5}.Release|Any CPU.ActiveCfg = Release|Any CPU
		{A9E42614-63F4-725E-7504-147A2980D0A5}.Release|Any CPU.Build.0 = Release|Any CPU
		{97D14F57-3D3E-68EA-3576-38CD69FB3EF6}.Debug|Any CPU.ActiveCfg = Debug|Any CPU
		{97D14F57-3D3E-68EA-3576-38CD69FB3EF6}.Debug|Any CPU.Build.0 = Debug|Any CPU
		{97D14F57-3D3E-68EA-3576-38CD69FB3EF6}.Release|Any CPU.ActiveCfg = Release|Any CPU
		{97D14F57-3D3E-68EA-3576-38CD69FB3EF6}.Release|Any CPU.Build.0 = Release|Any CPU
		{2B5ADDA0-2794-42BE-7EBA-BE1D1CE99C5A}.Debug|Any CPU.ActiveCfg = Debug|Any CPU
		{2B5ADDA0-2794-42BE-7EBA-BE1D1CE99C5A}.Debug|Any CPU.Build.0 = Debug|Any CPU
		{2B5ADDA0-2794-42BE-7EBA-BE1D1CE99C5A}.Release|Any CPU.ActiveCfg = Release|Any CPU
		{2B5ADDA0-2794-42BE-7EBA-BE1D1CE99C5A}.Release|Any CPU.Build.0 = Release|Any CPU
	EndGlobalSection
	GlobalSection(SolutionProperties) = preSolution
		HideSolutionNode = FALSE
	EndGlobalSection
EndGlobal
