
Microsoft Visual Studio Solution File, Format Version 11.00
# Visual Studio 2010
Project("{FAE04EC0-301F-11D3-BF4B-00C04F79EFBC}") = "Assembly-CSharp", "Assembly-CSharp.csproj", "{26F11631-FE60-7D0B-FABF-598A1CF42C32}"
EndProject
Project("{FAE04EC0-301F-11D3-BF4B-00C04F79EFBC}") = "Assembly-CSharp-Editor", "Assembly-CSharp-Editor.csproj", "{97D14F57-3D3E-68EA-3576-38CD69FB3EF6}"
EndProject
Global
	GlobalSection(SolutionConfigurationPlatforms) = preSolution
		Debug|Any CPU = Debug|Any CPU
		Release|Any CPU = Release|Any CPU
	EndGlobalSection
	GlobalSection(ProjectConfigurationPlatforms) = postSolution
		{26F11631-FE60-7D0B-FABF-598A1CF42C32}.Debug|Any CPU.ActiveCfg = Debug|Any CPU
		{26F11631-FE60-7D0B-FABF-598A1CF42C32}.Debug|Any CPU.Build.0 = Debug|Any CPU
		{26F11631-FE60-7D0B-FABF-598A1CF42C32}.Release|Any CPU.ActiveCfg = Release|Any CPU
		{26F11631-FE60-7D0B-FABF-598A1CF42C32}.Release|Any CPU.Build.0 = Release|Any CPU
		{97D14F57-3D3E-68EA-3576-38CD69FB3EF6}.Debug|Any CPU.ActiveCfg = Debug|Any CPU
		{97D14F57-3D3E-68EA-3576-38CD69FB3EF6}.Debug|Any CPU.Build.0 = Debug|Any CPU
		{97D14F57-3D3E-68EA-3576-38CD69FB3EF6}.Release|Any CPU.ActiveCfg = Release|Any CPU
		{97D14F57-3D3E-68EA-3576-38CD69FB3EF6}.Release|Any CPU.Build.0 = Release|Any CPU
	EndGlobalSection
	GlobalSection(SolutionProperties) = preSolution
		HideSolutionNode = FALSE
	EndGlobalSection
EndGlobal
