
Microsoft Visual Studio Solution File, Format Version 12.00
# Visual Studio 15
Project("{FAE04EC0-301F-11D3-BF4B-00C04F79EFBC}") = "UnityEngine.TestRunner", "UnityEngine.TestRunner.csproj", "{2D3CD1CE-AF2A-D715-07A8-F64127E96297}"
EndProject
Project("{FAE04EC0-301F-11D3-BF4B-00C04F79EFBC}") = "Unity.Mathematics", "Unity.Mathematics.csproj", "{0BFBB792-C456-BDEB-3642-0E1446A20235}"
EndProject
Project("{FAE04EC0-301F-11D3-BF4B-00C04F79EFBC}") = "Unity.Services.Core.Telemetry", "Unity.Services.Core.Telemetry.csproj", "{6DEFDE18-7061-F5AF-D128-F3F251B8D14E}"
EndProject
Project("{FAE04EC0-301F-11D3-BF4B-00C04F79EFBC}") = "FMODUnity", "FMODUnity.csproj", "{97CC23AE-F46E-8DFF-181C-8FB0838FCA90}"
EndProject
Project("{FAE04EC0-301F-11D3-BF4B-00C04F79EFBC}") = "UnityEngine.XR.LegacyInputHelpers", "UnityEngine.XR.LegacyInputHelpers.csproj", "{DEEA0FA8-C792-727F-ABBE-F05B231FAFAF}"
EndProject
Project("{FAE04EC0-301F-11D3-BF4B-00C04F79EFBC}") = "Unity.Services.Core.Environments.Internal", "Unity.Services.Core.Environments.Internal.csproj", "{60B07DC5-9D12-8ABF-5593-2F5C7B3EBE02}"
EndProject
Project("{FAE04EC0-301F-11D3-BF4B-00C04F79EFBC}") = "Unity.Burst", "Unity.Burst.csproj", "{4B9DC7EE-3A8D-B741-0F32-9D158D19FE97}"
EndProject
Project("{FAE04EC0-301F-11D3-BF4B-00C04F79EFBC}") = "Unity.2D.Animation.Runtime", "Unity.2D.Animation.Runtime.csproj", "{5BA73DFD-5398-0690-0562-1FF49B36CC07}"
EndProject
Project("{FAE04EC0-301F-11D3-BF4B-00C04F79EFBC}") = "Unity.TextMeshPro", "Unity.TextMeshPro.csproj", "{22ACD110-2BFC-C923-C0D0-E4A01E8AF8FB}"
EndProject
Project("{FAE04EC0-301F-11D3-BF4B-00C04F79EFBC}") = "Unity.Timeline", "Unity.Timeline.csproj", "{522C5EB8-B889-805D-6738-1359E6477AD1}"
EndProject
Project("{FAE04EC0-301F-11D3-BF4B-00C04F79EFBC}") = "Assembly-CSharp", "Assembly-CSharp.csproj", "{26F11631-FE60-7D0B-FABF-598A1CF42C32}"
EndProject
Project("{FAE04EC0-301F-11D3-BF4B-00C04F79EFBC}") = "Unity.Services.Core", "Unity.Services.Core.csproj", "{734C9294-30D0-25A5-B90A-0BB6ED83A29D}"
EndProject
Project("{FAE04EC0-301F-11D3-BF4B-00C04F79EFBC}") = "Unity.Services.Core.Environments", "Unity.Services.Core.Environments.csproj", "{917C25B8-73F3-9B11-D7E3-0950365FA49F}"
EndProject
Project("{FAE04EC0-301F-11D3-BF4B-00C04F79EFBC}") = "Unity.Services.Core.Internal", "Unity.Services.Core.Internal.csproj", "{5A75420A-1361-0541-054E-A32D7657B4F1}"
EndProject
Project("{FAE04EC0-301F-11D3-BF4B-00C04F79EFBC}") = "Unity.Services.Core.Analytics", "Unity.Services.Core.Analytics.csproj", "{D025A243-FD13-0EC1-AA00-569386F5877F}"
EndProject
Project("{FAE04EC0-301F-11D3-BF4B-00C04F79EFBC}") = "Unity.2D.SpriteShape.Runtime", "Unity.2D.SpriteShape.Runtime.csproj", "{18CC5862-1E69-6825-FA78-182A8B4006C0}"
EndProject
Project("{FAE04EC0-301F-11D3-BF4B-00C04F79EFBC}") = "Unity.Services.Core.Scheduler", "Unity.Services.Core.Scheduler.csproj", "{8F237526-E879-AA00-2F3B-30418D304928}"
EndProject
Project("{FAE04EC0-301F-11D3-BF4B-00C04F79EFBC}") = "Unity.Services.Core.Registration", "Unity.Services.Core.Registration.csproj", "{2C2D8A8C-DF29-F120-8622-EFB09ADC1FF6}"
EndProject
Project("{FAE04EC0-301F-11D3-BF4B-00C04F79EFBC}") = "Unity.2D.PixelPerfect", "Unity.2D.PixelPerfect.csproj", "{BBE8FC93-F253-D7D1-519C-0853E22B74A8}"
EndProject
Project("{FAE04EC0-301F-11D3-BF4B-00C04F79EFBC}") = "Unity.2D.Common.Runtime", "Unity.2D.Common.Runtime.csproj", "{7B26379E-FB4B-C138-9BBF-25C47D9ED6B4}"
EndProject
Project("{FAE04EC0-301F-11D3-BF4B-00C04F79EFBC}") = "Unity.2D.IK.Runtime", "Unity.2D.IK.Runtime.csproj", "{49ADF3DC-D346-8E96-FD90-0FCEB8733F53}"
EndProject
Project("{FAE04EC0-301F-11D3-BF4B-00C04F79EFBC}") = "Unity.Services.Core.Device", "Unity.Services.Core.Device.csproj", "{EAD86C02-D2C5-45D0-9704-5E82248016B5}"
EndProject
Project("{FAE04EC0-301F-11D3-BF4B-00C04F79EFBC}") = "Unity.XR.Management", "Unity.XR.Management.csproj", "{D24C146D-CDB4-A962-0273-33F5E310A84C}"
EndProject
Project("{FAE04EC0-301F-11D3-BF4B-00C04F79EFBC}") = "Unity.Services.Core.Threading", "Unity.Services.Core.Threading.csproj", "{592E7B2D-E189-6792-30A3-1E946927FAA2}"
EndProject
Project("{FAE04EC0-301F-11D3-BF4B-00C04F79EFBC}") = "Unity.Services.Core.Networking", "Unity.Services.Core.Networking.csproj", "{00247AE5-288B-440F-6CF4-4D210FFBF984}"
EndProject
Project("{FAE04EC0-301F-11D3-BF4B-00C04F79EFBC}") = "Unity.Recorder", "Unity.Recorder.csproj", "{7DA6C51B-E1EB-2CF7-F66E-5691F9570CC6}"
EndProject
Project("{FAE04EC0-301F-11D3-BF4B-00C04F79EFBC}") = "Unity.InternalAPIEngineBridge.001", "Unity.InternalAPIEngineBridge.001.csproj", "{E28EBF56-5600-0726-4918-FED68A322446}"
EndProject
Project("{FAE04EC0-301F-11D3-BF4B-00C04F79EFBC}") = "FMODUnityResonance", "FMODUnityResonance.csproj", "{A1AB0FB5-904F-692B-5808-8E11CA9C480D}"
EndProject
Project("{FAE04EC0-301F-11D3-BF4B-00C04F79EFBC}") = "Unity.Recorder.Base", "Unity.Recorder.Base.csproj", "{416FAFEC-6724-A495-BBE0-4B396BE31690}"
EndProject
Project("{FAE04EC0-301F-11D3-BF4B-00C04F79EFBC}") = "Unity.Services.Core.Configuration", "Unity.Services.Core.Configuration.csproj", "{2E811268-FC8C-1BB7-D371-263EBCE958F7}"
EndProject
Project("{FAE04EC0-301F-11D3-BF4B-00C04F79EFBC}") = "UnityEngine.SpatialTracking", "UnityEngine.SpatialTracking.csproj", "{BB88A530-3292-1384-1CF5-3C8628645DBA}"
EndProject
Project("{FAE04EC0-301F-11D3-BF4B-00C04F79EFBC}") = "Unity.Subsystem.Registration", "Unity.Subsystem.Registration.csproj", "{56345675-7238-A1D8-F3E1-22499725D297}"
EndProject
Project("{FAE04EC0-301F-11D3-BF4B-00C04F79EFBC}") = "Unity.PlasticSCM.Editor", "Unity.PlasticSCM.Editor.csproj", "{910FDBAD-DCEB-8171-D465-29C431245B2C}"
EndProject
Project("{FAE04EC0-301F-11D3-BF4B-00C04F79EFBC}") = "Unity.VisualStudio.Editor", "Unity.VisualStudio.Editor.csproj", "{FF19730F-E327-2627-DC65-5D3E7EF1FFC2}"
EndProject
Project("{FAE04EC0-301F-11D3-BF4B-00C04F79EFBC}") = "Unity.Timeline.Editor", "Unity.Timeline.Editor.csproj", "{BBE30DC2-EBE7-FE55-D304-AE3B5A9781D4}"
EndProject
Project("{FAE04EC0-301F-11D3-BF4B-00C04F79EFBC}") = "Unity.Recorder.Editor", "Unity.Recorder.Editor.csproj", "{B1D4B87F-2DEE-16D0-026E-08B5042515BE}"
EndProject
Project("{FAE04EC0-301F-11D3-BF4B-00C04F79EFBC}") = "Unity.TextMeshPro.Editor", "Unity.TextMeshPro.Editor.csproj", "{71A02CDE-C412-A1D4-CE91-EA247C3BD762}"
EndProject
Project("{FAE04EC0-301F-11D3-BF4B-00C04F79EFBC}") = "Unity.2D.PixelPerfect.Editor", "Unity.2D.PixelPerfect.Editor.csproj", "{F2E7AC54-ADF8-7853-B0A7-A24CC15C4839}"
EndProject
Project("{FAE04EC0-301F-11D3-BF4B-00C04F79EFBC}") = "Unity.2D.Animation.Editor", "Unity.2D.Animation.Editor.csproj", "{A8DE212D-B106-C87E-9E4A-77E2CC31276B}"
EndProject
Project("{FAE04EC0-301F-11D3-BF4B-00C04F79EFBC}") = "Unity.CollabProxy.Editor", "Unity.CollabProxy.Editor.csproj", "{9FAA7564-71FE-E018-E4B6-221A09CC0103}"
EndProject
Project("{FAE04EC0-301F-11D3-BF4B-00C04F79EFBC}") = "UnityEditor.TestRunner", "UnityEditor.TestRunner.csproj", "{2D78C5A5-DCD0-D07F-09A6-B3B8C5B8DCAB}"
EndProject
Project("{FAE04EC0-301F-11D3-BF4B-00C04F79EFBC}") = "Unity.Services.Core.Editor", "Unity.Services.Core.Editor.csproj", "{3407EDE5-E0B2-E2EE-11B8-DEB5B1056E05}"
EndProject
Project("{FAE04EC0-301F-11D3-BF4B-00C04F79EFBC}") = "FMODUnityEditor", "FMODUnityEditor.csproj", "{A9E42614-63F4-725E-7504-147A2980D0A5}"
EndProject
Project("{FAE04EC0-301F-11D3-BF4B-00C04F79EFBC}") = "Unity.Rider.Editor", "Unity.Rider.Editor.csproj", "{5F4E84C8-5D8E-0A91-F9C9-4C02C286B981}"
EndProject
Project("{FAE04EC0-301F-11D3-BF4B-00C04F79EFBC}") = "Unity.2D.Path.Editor", "Unity.2D.Path.Editor.csproj", "{0AD92458-70B6-83D3-375A-31EA7E3DD54D}"
EndProject
Project("{FAE04EC0-301F-11D3-BF4B-00C04F79EFBC}") = "PsdPlugin", "PsdPlugin.csproj", "{07244085-1D09-23C5-B762-9B12D0FCBC49}"
EndProject
Project("{FAE04EC0-301F-11D3-BF4B-00C04F79EFBC}") = "Unity.Searcher.Editor", "Unity.Searcher.Editor.csproj", "{712FB4EB-A0B9-6EF4-7A85-E13B12C20F39}"
EndProject
Project("{FAE04EC0-301F-11D3-BF4B-00C04F79EFBC}") = "Unity.2D.IK.Editor", "Unity.2D.IK.Editor.csproj", "{28507D1F-CBB6-D6B1-916C-87D0050B43CB}"
EndProject
Project("{FAE04EC0-301F-11D3-BF4B-00C04F79EFBC}") = "Unity.2D.Psdimporter.Editor", "Unity.2D.Psdimporter.Editor.csproj", "{67A57321-086F-B4F2-132A-CAC00278F2C5}"
EndProject
Project("{FAE04EC0-301F-11D3-BF4B-00C04F79EFBC}") = "Unity.2D.SpriteShape.Editor", "Unity.2D.SpriteShape.Editor.csproj", "{30E08BAF-F06B-AE77-5804-C4E3CEFE4924}"
EndProject
Project("{FAE04EC0-301F-11D3-BF4B-00C04F79EFBC}") = "Unity.SysrootPackage.Editor", "Unity.SysrootPackage.Editor.csproj", "{120FFEBE-68F6-7C26-A81E-5AD016FC52E4}"
EndProject
Project("{FAE04EC0-301F-11D3-BF4B-00C04F79EFBC}") = "Unity.Burst.CodeGen", "Unity.Burst.CodeGen.csproj", "{AC853EE5-547A-120E-EE20-3C26CAF0BA75}"
EndProject
Project("{FAE04EC0-301F-11D3-BF4B-00C04F79EFBC}") = "Unity.XR.Management.Editor", "Unity.XR.Management.Editor.csproj", "{8A4233C0-A47A-FD4F-4547-7F430E6976F2}"
EndProject
Project("{FAE04EC0-301F-11D3-BF4B-00C04F79EFBC}") = "Unity.VSCode.Editor", "Unity.VSCode.Editor.csproj", "{8320D586-A1C7-C170-1712-11A7CF7E8817}"
EndProject
Project("{FAE04EC0-301F-11D3-BF4B-00C04F79EFBC}") = "UnityEditor.SpatialTracking", "UnityEditor.SpatialTracking.csproj", "{D083611E-E261-97B8-6D66-E8D95FACD8B2}"
EndProject
Project("{FAE04EC0-301F-11D3-BF4B-00C04F79EFBC}") = "Unity.2D.Common.Editor", "Unity.2D.Common.Editor.csproj", "{A3314C9B-DA72-63D6-168A-52CAC285D916}"
EndProject
Project("{FAE04EC0-301F-11D3-BF4B-00C04F79EFBC}") = "Unity.Mathematics.Editor", "Unity.Mathematics.Editor.csproj", "{4184B375-3598-D027-14CB-88BE07AF5649}"
EndProject
Project("{FAE04EC0-301F-11D3-BF4B-00C04F79EFBC}") = "Unity.Services.Core.Configuration.Editor", "Unity.Services.Core.Configuration.Editor.csproj", "{4DDBD4C8-96E6-D7B8-ECF9-A0BB33D734A4}"
EndProject
Project("{FAE04EC0-301F-11D3-BF4B-00C04F79EFBC}") = "Unity.Burst.Editor", "Unity.Burst.Editor.csproj", "{EFC83193-2683-E1FB-BA40-88C921E7AC28}"
EndProject
Project("{FAE04EC0-301F-11D3-BF4B-00C04F79EFBC}") = "UnityEditor.XR.LegacyInputHelpers", "UnityEditor.XR.LegacyInputHelpers.csproj", "{AE69195A-A8E8-2766-0EA7-1A69B201A771}"
EndProject
Project("{FAE04EC0-301F-11D3-BF4B-00C04F79EFBC}") = "Assembly-CSharp-Editor", "Assembly-CSharp-Editor.csproj", "{97D14F57-3D3E-68EA-3576-38CD69FB3EF6}"
EndProject
Project("{FAE04EC0-301F-11D3-BF4B-00C04F79EFBC}") = "Unity.InternalAPIEditorBridge.001", "Unity.InternalAPIEditorBridge.001.csproj", "{EACC7057-5CBD-3A48-72EF-B94041966854}"
EndProject
Project("{FAE04EC0-301F-11D3-BF4B-00C04F79EFBC}") = "Unity.Sysroot.Linux_x86_64", "Unity.Sysroot.Linux_x86_64.csproj", "{2DFCF014-4367-A85B-F424-E33E7B760642}"
EndProject
Project("{FAE04EC0-301F-11D3-BF4B-00C04F79EFBC}") = "FMODUnityResonanceEditor", "FMODUnityResonanceEditor.csproj", "{2B5ADDA0-2794-42BE-7EBA-BE1D1CE99C5A}"
EndProject
Project("{FAE04EC0-301F-11D3-BF4B-00C04F79EFBC}") = "Unity.Toolchain.Macos-x86_64-Linux-x86_64", "Unity.Toolchain.Macos-x86_64-Linux-x86_64.csproj", "{E984A366-74B2-FE7E-6668-AB45169114DF}"
EndProject
Project("{FAE04EC0-301F-11D3-BF4B-00C04F79EFBC}") = "UnityEngine.TestRunner", "UnityEngine.TestRunner.Player.csproj", "{8D652DA9-455E-3263-C5F6-13BE278B7072}"
EndProject
Project("{FAE04EC0-301F-11D3-BF4B-00C04F79EFBC}") = "Unity.Mathematics", "Unity.Mathematics.Player.csproj", "{D0B57D6B-569C-A0F8-1F4E-A3088C2726FE}"
EndProject
Project("{FAE04EC0-301F-11D3-BF4B-00C04F79EFBC}") = "Unity.Services.Core.Telemetry", "Unity.Services.Core.Telemetry.Player.csproj", "{ACBCC63B-9DAA-E04F-04D9-07303D689FE4}"
EndProject
Project("{FAE04EC0-301F-11D3-BF4B-00C04F79EFBC}") = "FMODUnity", "FMODUnity.Player.csproj", "{0D4A64F8-7281-43F6-F6BE-74756B96F424}"
EndProject
Project("{FAE04EC0-301F-11D3-BF4B-00C04F79EFBC}") = "UnityEngine.XR.LegacyInputHelpers", "UnityEngine.XR.LegacyInputHelpers.Player.csproj", "{71496F4F-F4C0-DB10-9D5F-BF2C578C4AE5}"
EndProject
Project("{FAE04EC0-301F-11D3-BF4B-00C04F79EFBC}") = "Unity.Services.Core.Environments.Internal", "Unity.Services.Core.Environments.Internal.Player.csproj", "{B870C5B9-3367-6D2F-82F6-2E8039A3DA46}"
EndProject
Project("{FAE04EC0-301F-11D3-BF4B-00C04F79EFBC}") = "Unity.Burst", "Unity.Burst.Player.csproj", "{471D754D-5880-3A58-92C6-86D0A0A425A5}"
EndProject
Project("{FAE04EC0-301F-11D3-BF4B-00C04F79EFBC}") = "Unity.2D.Animation.Runtime", "Unity.2D.Animation.Runtime.Player.csproj", "{65475D46-C656-5F2D-B847-12112C4F4E6D}"
EndProject
Project("{FAE04EC0-301F-11D3-BF4B-00C04F79EFBC}") = "Unity.TextMeshPro", "Unity.TextMeshPro.Player.csproj", "{5A324E27-0B4D-844A-871A-D433E2B3AE72}"
EndProject
Project("{FAE04EC0-301F-11D3-BF4B-00C04F79EFBC}") = "Unity.Timeline", "Unity.Timeline.Player.csproj", "{39AC8F22-FEBA-F770-5B7F-1B33E0D14EFE}"
EndProject
Project("{FAE04EC0-301F-11D3-BF4B-00C04F79EFBC}") = "Assembly-CSharp", "Assembly-CSharp.Player.csproj", "{2278E282-EF8F-87CD-E3F2-DE257307D931}"
EndProject
Project("{FAE04EC0-301F-11D3-BF4B-00C04F79EFBC}") = "Unity.Services.Core", "Unity.Services.Core.Player.csproj", "{6BE51E86-139C-4A64-A5EA-3CC94ACFD1A9}"
EndProject
Project("{FAE04EC0-301F-11D3-BF4B-00C04F79EFBC}") = "Unity.Services.Core.Environments", "Unity.Services.Core.Environments.Player.csproj", "{F52E8435-C87C-54D6-7801-A92BA7A4E6C8}"
EndProject
Project("{FAE04EC0-301F-11D3-BF4B-00C04F79EFBC}") = "Unity.Services.Core.Internal", "Unity.Services.Core.Internal.Player.csproj", "{D51B9028-6688-D944-CBE5-DE8ECEE3A6FB}"
EndProject
Project("{FAE04EC0-301F-11D3-BF4B-00C04F79EFBC}") = "Unity.Services.Core.Analytics", "Unity.Services.Core.Analytics.Player.csproj", "{357B2933-69F0-12A2-F3E5-985F89B0394D}"
EndProject
Project("{FAE04EC0-301F-11D3-BF4B-00C04F79EFBC}") = "Unity.2D.SpriteShape.Runtime", "Unity.2D.SpriteShape.Runtime.Player.csproj", "{1ED554FC-89BA-E890-87AB-ECD5F6DD053A}"
EndProject
Project("{FAE04EC0-301F-11D3-BF4B-00C04F79EFBC}") = "Unity.Services.Core.Scheduler", "Unity.Services.Core.Scheduler.Player.csproj", "{D0452F2E-93E3-59C1-2BC6-F088289F1DEB}"
EndProject
Project("{FAE04EC0-301F-11D3-BF4B-00C04F79EFBC}") = "Unity.Services.Core.Registration", "Unity.Services.Core.Registration.Player.csproj", "{A1A0F9F4-4826-A439-BB7F-21246EB4B317}"
EndProject
Project("{FAE04EC0-301F-11D3-BF4B-00C04F79EFBC}") = "Unity.2D.PixelPerfect", "Unity.2D.PixelPerfect.Player.csproj", "{75238056-F21D-4154-161A-B0F65F4A8143}"
EndProject
Project("{FAE04EC0-301F-11D3-BF4B-00C04F79EFBC}") = "Unity.2D.Common.Runtime", "Unity.2D.Common.Runtime.Player.csproj", "{238A82F7-5767-CB7E-5B46-6C1626C34BA5}"
EndProject
Project("{FAE04EC0-301F-11D3-BF4B-00C04F79EFBC}") = "Unity.2D.IK.Runtime", "Unity.2D.IK.Runtime.Player.csproj", "{C1351568-A641-3AA0-6CCA-BBF5AE1C126A}"
EndProject
Project("{FAE04EC0-301F-11D3-BF4B-00C04F79EFBC}") = "Unity.Services.Core.Device", "Unity.Services.Core.Device.Player.csproj", "{F838FEC5-4783-F004-E47B-D65DB2631283}"
EndProject
Project("{FAE04EC0-301F-11D3-BF4B-00C04F79EFBC}") = "Unity.XR.Management", "Unity.XR.Management.Player.csproj", "{ED0D75EE-4A2F-491A-2670-EAFD676331B0}"
EndProject
Project("{FAE04EC0-301F-11D3-BF4B-00C04F79EFBC}") = "Unity.Services.Core.Threading", "Unity.Services.Core.Threading.Player.csproj", "{35E06C6A-6D4D-305E-31D9-168818618084}"
EndProject
Project("{FAE04EC0-301F-11D3-BF4B-00C04F79EFBC}") = "Unity.Services.Core.Networking", "Unity.Services.Core.Networking.Player.csproj", "{ED19634F-3E14-01E2-E7AE-2A4FAC9F0E01}"
EndProject
Project("{FAE04EC0-301F-11D3-BF4B-00C04F79EFBC}") = "Unity.Recorder", "Unity.Recorder.Player.csproj", "{1F8D2212-875E-2635-E3A5-57C6C082FE6E}"
EndProject
Project("{FAE04EC0-301F-11D3-BF4B-00C04F79EFBC}") = "Unity.InternalAPIEngineBridge.001", "Unity.InternalAPIEngineBridge.001.Player.csproj", "{9BDF2F55-1E70-5776-F905-8FCD43161916}"
EndProject
Project("{FAE04EC0-301F-11D3-BF4B-00C04F79EFBC}") = "FMODUnityResonance", "FMODUnityResonance.Player.csproj", "{3615E020-042F-CB88-D8F3-EC3B9C75075D}"
EndProject
Project("{FAE04EC0-301F-11D3-BF4B-00C04F79EFBC}") = "Unity.Recorder.Base", "Unity.Recorder.Base.Player.csproj", "{5B944E34-83B3-EDC4-BFB6-08C98B2CD61A}"
EndProject
Project("{FAE04EC0-301F-11D3-BF4B-00C04F79EFBC}") = "Unity.Services.Core.Configuration", "Unity.Services.Core.Configuration.Player.csproj", "{E8F99E5A-50C7-E378-3C87-686E0C33E4C0}"
EndProject
Project("{FAE04EC0-301F-11D3-BF4B-00C04F79EFBC}") = "UnityEngine.SpatialTracking", "UnityEngine.SpatialTracking.Player.csproj", "{A0FCD35B-C6F7-029E-4922-AAAFB9406CF9}"
EndProject
Project("{FAE04EC0-301F-11D3-BF4B-00C04F79EFBC}") = "Unity.Subsystem.Registration", "Unity.Subsystem.Registration.Player.csproj", "{9AB7F8D5-C405-54D1-8A9F-12AE06A69155}"
EndProject
Global
	GlobalSection(SolutionConfigurationPlatforms) = preSolution
		Debug|Any CPU = Debug|Any CPU
		Release|Any CPU = Release|Any CPU
	EndGlobalSection
	GlobalSection(ProjectConfigurationPlatforms) = postSolution
		{2D3CD1CE-AF2A-D715-07A8-F64127E96297}.Debug|Any CPU.ActiveCfg = Debug|Any CPU
		{2D3CD1CE-AF2A-D715-07A8-F64127E96297}.Debug|Any CPU.Build.0 = Debug|Any CPU
		{2D3CD1CE-AF2A-D715-07A8-F64127E96297}.Release|Any CPU.ActiveCfg = Release|Any CPU
		{2D3CD1CE-AF2A-D715-07A8-F64127E96297}.Release|Any CPU.Build.0 = Release|Any CPU
		{0BFBB792-C456-BDEB-3642-0E1446A20235}.Debug|Any CPU.ActiveCfg = Debug|Any CPU
		{0BFBB792-C456-BDEB-3642-0E1446A20235}.Debug|Any CPU.Build.0 = Debug|Any CPU
		{0BFBB792-C456-BDEB-3642-0E1446A20235}.Release|Any CPU.ActiveCfg = Release|Any CPU
		{0BFBB792-C456-BDEB-3642-0E1446A20235}.Release|Any CPU.Build.0 = Release|Any CPU
		{6DEFDE18-7061-F5AF-D128-F3F251B8D14E}.Debug|Any CPU.ActiveCfg = Debug|Any CPU
		{6DEFDE18-7061-F5AF-D128-F3F251B8D14E}.Debug|Any CPU.Build.0 = Debug|Any CPU
		{6DEFDE18-7061-F5AF-D128-F3F251B8D14E}.Release|Any CPU.ActiveCfg = Release|Any CPU
		{6DEFDE18-7061-F5AF-D128-F3F251B8D14E}.Release|Any CPU.Build.0 = Release|Any CPU
		{97CC23AE-F46E-8DFF-181C-8FB0838FCA90}.Debug|Any CPU.ActiveCfg = Debug|Any CPU
		{97CC23AE-F46E-8DFF-181C-8FB0838FCA90}.Debug|Any CPU.Build.0 = Debug|Any CPU
		{97CC23AE-F46E-8DFF-181C-8FB0838FCA90}.Release|Any CPU.ActiveCfg = Release|Any CPU
		{97CC23AE-F46E-8DFF-181C-8FB0838FCA90}.Release|Any CPU.Build.0 = Release|Any CPU
		{DEEA0FA8-C792-727F-ABBE-F05B231FAFAF}.Debug|Any CPU.ActiveCfg = Debug|Any CPU
		{DEEA0FA8-C792-727F-ABBE-F05B231FAFAF}.Debug|Any CPU.Build.0 = Debug|Any CPU
		{DEEA0FA8-C792-727F-ABBE-F05B231FAFAF}.Release|Any CPU.ActiveCfg = Release|Any CPU
		{DEEA0FA8-C792-727F-ABBE-F05B231FAFAF}.Release|Any CPU.Build.0 = Release|Any CPU
		{60B07DC5-9D12-8ABF-5593-2F5C7B3EBE02}.Debug|Any CPU.ActiveCfg = Debug|Any CPU
		{60B07DC5-9D12-8ABF-5593-2F5C7B3EBE02}.Debug|Any CPU.Build.0 = Debug|Any CPU
		{60B07DC5-9D12-8ABF-5593-2F5C7B3EBE02}.Release|Any CPU.ActiveCfg = Release|Any CPU
		{60B07DC5-9D12-8ABF-5593-2F5C7B3EBE02}.Release|Any CPU.Build.0 = Release|Any CPU
		{4B9DC7EE-3A8D-B741-0F32-9D158D19FE97}.Debug|Any CPU.ActiveCfg = Debug|Any CPU
		{4B9DC7EE-3A8D-B741-0F32-9D158D19FE97}.Debug|Any CPU.Build.0 = Debug|Any CPU
		{4B9DC7EE-3A8D-B741-0F32-9D158D19FE97}.Release|Any CPU.ActiveCfg = Release|Any CPU
		{4B9DC7EE-3A8D-B741-0F32-9D158D19FE97}.Release|Any CPU.Build.0 = Release|Any CPU
		{5BA73DFD-5398-0690-0562-1FF49B36CC07}.Debug|Any CPU.ActiveCfg = Debug|Any CPU
		{5BA73DFD-5398-0690-0562-1FF49B36CC07}.Debug|Any CPU.Build.0 = Debug|Any CPU
		{5BA73DFD-5398-0690-0562-1FF49B36CC07}.Release|Any CPU.ActiveCfg = Release|Any CPU
		{5BA73DFD-5398-0690-0562-1FF49B36CC07}.Release|Any CPU.Build.0 = Release|Any CPU
		{22ACD110-2BFC-C923-C0D0-E4A01E8AF8FB}.Debug|Any CPU.ActiveCfg = Debug|Any CPU
		{22ACD110-2BFC-C923-C0D0-E4A01E8AF8FB}.Debug|Any CPU.Build.0 = Debug|Any CPU
		{22ACD110-2BFC-C923-C0D0-E4A01E8AF8FB}.Release|Any CPU.ActiveCfg = Release|Any CPU
		{22ACD110-2BFC-C923-C0D0-E4A01E8AF8FB}.Release|Any CPU.Build.0 = Release|Any CPU
		{522C5EB8-B889-805D-6738-1359E6477AD1}.Debug|Any CPU.ActiveCfg = Debug|Any CPU
		{522C5EB8-B889-805D-6738-1359E6477AD1}.Debug|Any CPU.Build.0 = Debug|Any CPU
		{522C5EB8-B889-805D-6738-1359E6477AD1}.Release|Any CPU.ActiveCfg = Release|Any CPU
		{522C5EB8-B889-805D-6738-1359E6477AD1}.Release|Any CPU.Build.0 = Release|Any CPU
		{26F11631-FE60-7D0B-FABF-598A1CF42C32}.Debug|Any CPU.ActiveCfg = Debug|Any CPU
		{26F11631-FE60-7D0B-FABF-598A1CF42C32}.Debug|Any CPU.Build.0 = Debug|Any CPU
		{26F11631-FE60-7D0B-FABF-598A1CF42C32}.Release|Any CPU.ActiveCfg = Release|Any CPU
		{26F11631-FE60-7D0B-FABF-598A1CF42C32}.Release|Any CPU.Build.0 = Release|Any CPU
		{734C9294-30D0-25A5-B90A-0BB6ED83A29D}.Debug|Any CPU.ActiveCfg = Debug|Any CPU
		{734C9294-30D0-25A5-B90A-0BB6ED83A29D}.Debug|Any CPU.Build.0 = Debug|Any CPU
		{734C9294-30D0-25A5-B90A-0BB6ED83A29D}.Release|Any CPU.ActiveCfg = Release|Any CPU
		{734C9294-30D0-25A5-B90A-0BB6ED83A29D}.Release|Any CPU.Build.0 = Release|Any CPU
		{917C25B8-73F3-9B11-D7E3-0950365FA49F}.Debug|Any CPU.ActiveCfg = Debug|Any CPU
		{917C25B8-73F3-9B11-D7E3-0950365FA49F}.Debug|Any CPU.Build.0 = Debug|Any CPU
		{917C25B8-73F3-9B11-D7E3-0950365FA49F}.Release|Any CPU.ActiveCfg = Release|Any CPU
		{917C25B8-73F3-9B11-D7E3-0950365FA49F}.Release|Any CPU.Build.0 = Release|Any CPU
		{5A75420A-1361-0541-054E-A32D7657B4F1}.Debug|Any CPU.ActiveCfg = Debug|Any CPU
		{5A75420A-1361-0541-054E-A32D7657B4F1}.Debug|Any CPU.Build.0 = Debug|Any CPU
		{5A75420A-1361-0541-054E-A32D7657B4F1}.Release|Any CPU.ActiveCfg = Release|Any CPU
		{5A75420A-1361-0541-054E-A32D7657B4F1}.Release|Any CPU.Build.0 = Release|Any CPU
		{D025A243-FD13-0EC1-AA00-569386F5877F}.Debug|Any CPU.ActiveCfg = Debug|Any CPU
		{D025A243-FD13-0EC1-AA00-569386F5877F}.Debug|Any CPU.Build.0 = Debug|Any CPU
		{D025A243-FD13-0EC1-AA00-569386F5877F}.Release|Any CPU.ActiveCfg = Release|Any CPU
		{D025A243-FD13-0EC1-AA00-569386F5877F}.Release|Any CPU.Build.0 = Release|Any CPU
		{18CC5862-1E69-6825-FA78-182A8B4006C0}.Debug|Any CPU.ActiveCfg = Debug|Any CPU
		{18CC5862-1E69-6825-FA78-182A8B4006C0}.Debug|Any CPU.Build.0 = Debug|Any CPU
		{18CC5862-1E69-6825-FA78-182A8B4006C0}.Release|Any CPU.ActiveCfg = Release|Any CPU
		{18CC5862-1E69-6825-FA78-182A8B4006C0}.Release|Any CPU.Build.0 = Release|Any CPU
		{8F237526-E879-AA00-2F3B-30418D304928}.Debug|Any CPU.ActiveCfg = Debug|Any CPU
		{8F237526-E879-AA00-2F3B-30418D304928}.Debug|Any CPU.Build.0 = Debug|Any CPU
		{8F237526-E879-AA00-2F3B-30418D304928}.Release|Any CPU.ActiveCfg = Release|Any CPU
		{8F237526-E879-AA00-2F3B-30418D304928}.Release|Any CPU.Build.0 = Release|Any CPU
		{2C2D8A8C-DF29-F120-8622-EFB09ADC1FF6}.Debug|Any CPU.ActiveCfg = Debug|Any CPU
		{2C2D8A8C-DF29-F120-8622-EFB09ADC1FF6}.Debug|Any CPU.Build.0 = Debug|Any CPU
		{2C2D8A8C-DF29-F120-8622-EFB09ADC1FF6}.Release|Any CPU.ActiveCfg = Release|Any CPU
		{2C2D8A8C-DF29-F120-8622-EFB09ADC1FF6}.Release|Any CPU.Build.0 = Release|Any CPU
		{BBE8FC93-F253-D7D1-519C-0853E22B74A8}.Debug|Any CPU.ActiveCfg = Debug|Any CPU
		{BBE8FC93-F253-D7D1-519C-0853E22B74A8}.Debug|Any CPU.Build.0 = Debug|Any CPU
		{BBE8FC93-F253-D7D1-519C-0853E22B74A8}.Release|Any CPU.ActiveCfg = Release|Any CPU
		{BBE8FC93-F253-D7D1-519C-0853E22B74A8}.Release|Any CPU.Build.0 = Release|Any CPU
		{7B26379E-FB4B-C138-9BBF-25C47D9ED6B4}.Debug|Any CPU.ActiveCfg = Debug|Any CPU
		{7B26379E-FB4B-C138-9BBF-25C47D9ED6B4}.Debug|Any CPU.Build.0 = Debug|Any CPU
		{7B26379E-FB4B-C138-9BBF-25C47D9ED6B4}.Release|Any CPU.ActiveCfg = Release|Any CPU
		{7B26379E-FB4B-C138-9BBF-25C47D9ED6B4}.Release|Any CPU.Build.0 = Release|Any CPU
		{49ADF3DC-D346-8E96-FD90-0FCEB8733F53}.Debug|Any CPU.ActiveCfg = Debug|Any CPU
		{49ADF3DC-D346-8E96-FD90-0FCEB8733F53}.Debug|Any CPU.Build.0 = Debug|Any CPU
		{49ADF3DC-D346-8E96-FD90-0FCEB8733F53}.Release|Any CPU.ActiveCfg = Release|Any CPU
		{49ADF3DC-D346-8E96-FD90-0FCEB8733F53}.Release|Any CPU.Build.0 = Release|Any CPU
		{EAD86C02-D2C5-45D0-9704-5E82248016B5}.Debug|Any CPU.ActiveCfg = Debug|Any CPU
		{EAD86C02-D2C5-45D0-9704-5E82248016B5}.Debug|Any CPU.Build.0 = Debug|Any CPU
		{EAD86C02-D2C5-45D0-9704-5E82248016B5}.Release|Any CPU.ActiveCfg = Release|Any CPU
		{EAD86C02-D2C5-45D0-9704-5E82248016B5}.Release|Any CPU.Build.0 = Release|Any CPU
		{D24C146D-CDB4-A962-0273-33F5E310A84C}.Debug|Any CPU.ActiveCfg = Debug|Any CPU
		{D24C146D-CDB4-A962-0273-33F5E310A84C}.Debug|Any CPU.Build.0 = Debug|Any CPU
		{D24C146D-CDB4-A962-0273-33F5E310A84C}.Release|Any CPU.ActiveCfg = Release|Any CPU
		{D24C146D-CDB4-A962-0273-33F5E310A84C}.Release|Any CPU.Build.0 = Release|Any CPU
		{592E7B2D-E189-6792-30A3-1E946927FAA2}.Debug|Any CPU.ActiveCfg = Debug|Any CPU
		{592E7B2D-E189-6792-30A3-1E946927FAA2}.Debug|Any CPU.Build.0 = Debug|Any CPU
		{592E7B2D-E189-6792-30A3-1E946927FAA2}.Release|Any CPU.ActiveCfg = Release|Any CPU
		{592E7B2D-E189-6792-30A3-1E946927FAA2}.Release|Any CPU.Build.0 = Release|Any CPU
		{00247AE5-288B-440F-6CF4-4D210FFBF984}.Debug|Any CPU.ActiveCfg = Debug|Any CPU
		{00247AE5-288B-440F-6CF4-4D210FFBF984}.Debug|Any CPU.Build.0 = Debug|Any CPU
		{00247AE5-288B-440F-6CF4-4D210FFBF984}.Release|Any CPU.ActiveCfg = Release|Any CPU
		{00247AE5-288B-440F-6CF4-4D210FFBF984}.Release|Any CPU.Build.0 = Release|Any CPU
		{7DA6C51B-E1EB-2CF7-F66E-5691F9570CC6}.Debug|Any CPU.ActiveCfg = Debug|Any CPU
		{7DA6C51B-E1EB-2CF7-F66E-5691F9570CC6}.Debug|Any CPU.Build.0 = Debug|Any CPU
		{7DA6C51B-E1EB-2CF7-F66E-5691F9570CC6}.Release|Any CPU.ActiveCfg = Release|Any CPU
		{7DA6C51B-E1EB-2CF7-F66E-5691F9570CC6}.Release|Any CPU.Build.0 = Release|Any CPU
		{E28EBF56-5600-0726-4918-FED68A322446}.Debug|Any CPU.ActiveCfg = Debug|Any CPU
		{E28EBF56-5600-0726-4918-FED68A322446}.Debug|Any CPU.Build.0 = Debug|Any CPU
		{E28EBF56-5600-0726-4918-FED68A322446}.Release|Any CPU.ActiveCfg = Release|Any CPU
		{E28EBF56-5600-0726-4918-FED68A322446}.Release|Any CPU.Build.0 = Release|Any CPU
		{A1AB0FB5-904F-692B-5808-8E11CA9C480D}.Debug|Any CPU.ActiveCfg = Debug|Any CPU
		{A1AB0FB5-904F-692B-5808-8E11CA9C480D}.Debug|Any CPU.Build.0 = Debug|Any CPU
		{A1AB0FB5-904F-692B-5808-8E11CA9C480D}.Release|Any CPU.ActiveCfg = Release|Any CPU
		{A1AB0FB5-904F-692B-5808-8E11CA9C480D}.Release|Any CPU.Build.0 = Release|Any CPU
		{416FAFEC-6724-A495-BBE0-4B396BE31690}.Debug|Any CPU.ActiveCfg = Debug|Any CPU
		{416FAFEC-6724-A495-BBE0-4B396BE31690}.Debug|Any CPU.Build.0 = Debug|Any CPU
		{416FAFEC-6724-A495-BBE0-4B396BE31690}.Release|Any CPU.ActiveCfg = Release|Any CPU
		{416FAFEC-6724-A495-BBE0-4B396BE31690}.Release|Any CPU.Build.0 = Release|Any CPU
		{2E811268-FC8C-1BB7-D371-263EBCE958F7}.Debug|Any CPU.ActiveCfg = Debug|Any CPU
		{2E811268-FC8C-1BB7-D371-263EBCE958F7}.Debug|Any CPU.Build.0 = Debug|Any CPU
		{2E811268-FC8C-1BB7-D371-263EBCE958F7}.Release|Any CPU.ActiveCfg = Release|Any CPU
		{2E811268-FC8C-1BB7-D371-263EBCE958F7}.Release|Any CPU.Build.0 = Release|Any CPU
		{BB88A530-3292-1384-1CF5-3C8628645DBA}.Debug|Any CPU.ActiveCfg = Debug|Any CPU
		{BB88A530-3292-1384-1CF5-3C8628645DBA}.Debug|Any CPU.Build.0 = Debug|Any CPU
		{BB88A530-3292-1384-1CF5-3C8628645DBA}.Release|Any CPU.ActiveCfg = Release|Any CPU
		{BB88A530-3292-1384-1CF5-3C8628645DBA}.Release|Any CPU.Build.0 = Release|Any CPU
		{56345675-7238-A1D8-F3E1-22499725D297}.Debug|Any CPU.ActiveCfg = Debug|Any CPU
		{56345675-7238-A1D8-F3E1-22499725D297}.Debug|Any CPU.Build.0 = Debug|Any CPU
		{56345675-7238-A1D8-F3E1-22499725D297}.Release|Any CPU.ActiveCfg = Release|Any CPU
		{56345675-7238-A1D8-F3E1-22499725D297}.Release|Any CPU.Build.0 = Release|Any CPU
		{910FDBAD-DCEB-8171-D465-29C431245B2C}.Debug|Any CPU.ActiveCfg = Debug|Any CPU
		{910FDBAD-DCEB-8171-D465-29C431245B2C}.Debug|Any CPU.Build.0 = Debug|Any CPU
		{910FDBAD-DCEB-8171-D465-29C431245B2C}.Release|Any CPU.ActiveCfg = Release|Any CPU
		{910FDBAD-DCEB-8171-D465-29C431245B2C}.Release|Any CPU.Build.0 = Release|Any CPU
		{FF19730F-E327-2627-DC65-5D3E7EF1FFC2}.Debug|Any CPU.ActiveCfg = Debug|Any CPU
		{FF19730F-E327-2627-DC65-5D3E7EF1FFC2}.Debug|Any CPU.Build.0 = Debug|Any CPU
		{FF19730F-E327-2627-DC65-5D3E7EF1FFC2}.Release|Any CPU.ActiveCfg = Release|Any CPU
		{FF19730F-E327-2627-DC65-5D3E7EF1FFC2}.Release|Any CPU.Build.0 = Release|Any CPU
		{BBE30DC2-EBE7-FE55-D304-AE3B5A9781D4}.Debug|Any CPU.ActiveCfg = Debug|Any CPU
		{BBE30DC2-EBE7-FE55-D304-AE3B5A9781D4}.Debug|Any CPU.Build.0 = Debug|Any CPU
		{BBE30DC2-EBE7-FE55-D304-AE3B5A9781D4}.Release|Any CPU.ActiveCfg = Release|Any CPU
		{BBE30DC2-EBE7-FE55-D304-AE3B5A9781D4}.Release|Any CPU.Build.0 = Release|Any CPU
		{B1D4B87F-2DEE-16D0-026E-08B5042515BE}.Debug|Any CPU.ActiveCfg = Debug|Any CPU
		{B1D4B87F-2DEE-16D0-026E-08B5042515BE}.Debug|Any CPU.Build.0 = Debug|Any CPU
		{B1D4B87F-2DEE-16D0-026E-08B5042515BE}.Release|Any CPU.ActiveCfg = Release|Any CPU
		{B1D4B87F-2DEE-16D0-026E-08B5042515BE}.Release|Any CPU.Build.0 = Release|Any CPU
		{71A02CDE-C412-A1D4-CE91-EA247C3BD762}.Debug|Any CPU.ActiveCfg = Debug|Any CPU
		{71A02CDE-C412-A1D4-CE91-EA247C3BD762}.Debug|Any CPU.Build.0 = Debug|Any CPU
		{71A02CDE-C412-A1D4-CE91-EA247C3BD762}.Release|Any CPU.ActiveCfg = Release|Any CPU
		{71A02CDE-C412-A1D4-CE91-EA247C3BD762}.Release|Any CPU.Build.0 = Release|Any CPU
		{F2E7AC54-ADF8-7853-B0A7-A24CC15C4839}.Debug|Any CPU.ActiveCfg = Debug|Any CPU
		{F2E7AC54-ADF8-7853-B0A7-A24CC15C4839}.Debug|Any CPU.Build.0 = Debug|Any CPU
		{F2E7AC54-ADF8-7853-B0A7-A24CC15C4839}.Release|Any CPU.ActiveCfg = Release|Any CPU
		{F2E7AC54-ADF8-7853-B0A7-A24CC15C4839}.Release|Any CPU.Build.0 = Release|Any CPU
		{A8DE212D-B106-C87E-9E4A-77E2CC31276B}.Debug|Any CPU.ActiveCfg = Debug|Any CPU
		{A8DE212D-B106-C87E-9E4A-77E2CC31276B}.Debug|Any CPU.Build.0 = Debug|Any CPU
		{A8DE212D-B106-C87E-9E4A-77E2CC31276B}.Release|Any CPU.ActiveCfg = Release|Any CPU
		{A8DE212D-B106-C87E-9E4A-77E2CC31276B}.Release|Any CPU.Build.0 = Release|Any CPU
		{9FAA7564-71FE-E018-E4B6-221A09CC0103}.Debug|Any CPU.ActiveCfg = Debug|Any CPU
		{9FAA7564-71FE-E018-E4B6-221A09CC0103}.Debug|Any CPU.Build.0 = Debug|Any CPU
		{9FAA7564-71FE-E018-E4B6-221A09CC0103}.Release|Any CPU.ActiveCfg = Release|Any CPU
		{9FAA7564-71FE-E018-E4B6-221A09CC0103}.Release|Any CPU.Build.0 = Release|Any CPU
		{2D78C5A5-DCD0-D07F-09A6-B3B8C5B8DCAB}.Debug|Any CPU.ActiveCfg = Debug|Any CPU
		{2D78C5A5-DCD0-D07F-09A6-B3B8C5B8DCAB}.Debug|Any CPU.Build.0 = Debug|Any CPU
		{2D78C5A5-DCD0-D07F-09A6-B3B8C5B8DCAB}.Release|Any CPU.ActiveCfg = Release|Any CPU
		{2D78C5A5-DCD0-D07F-09A6-B3B8C5B8DCAB}.Release|Any CPU.Build.0 = Release|Any CPU
		{3407EDE5-E0B2-E2EE-11B8-DEB5B1056E05}.Debug|Any CPU.ActiveCfg = Debug|Any CPU
		{3407EDE5-E0B2-E2EE-11B8-DEB5B1056E05}.Debug|Any CPU.Build.0 = Debug|Any CPU
		{3407EDE5-E0B2-E2EE-11B8-DEB5B1056E05}.Release|Any CPU.ActiveCfg = Release|Any CPU
		{3407EDE5-E0B2-E2EE-11B8-DEB5B1056E05}.Release|Any CPU.Build.0 = Release|Any CPU
		{A9E42614-63F4-725E-7504-147A2980D0A5}.Debug|Any CPU.ActiveCfg = Debug|Any CPU
		{A9E42614-63F4-725E-7504-147A2980D0A5}.Debug|Any CPU.Build.0 = Debug|Any CPU
		{A9E42614-63F4-725E-7504-147A2980D0A5}.Release|Any CPU.ActiveCfg = Release|Any CPU
		{A9E42614-63F4-725E-7504-147A2980D0A5}.Release|Any CPU.Build.0 = Release|Any CPU
		{5F4E84C8-5D8E-0A91-F9C9-4C02C286B981}.Debug|Any CPU.ActiveCfg = Debug|Any CPU
		{5F4E84C8-5D8E-0A91-F9C9-4C02C286B981}.Debug|Any CPU.Build.0 = Debug|Any CPU
		{5F4E84C8-5D8E-0A91-F9C9-4C02C286B981}.Release|Any CPU.ActiveCfg = Release|Any CPU
		{5F4E84C8-5D8E-0A91-F9C9-4C02C286B981}.Release|Any CPU.Build.0 = Release|Any CPU
		{0AD92458-70B6-83D3-375A-31EA7E3DD54D}.Debug|Any CPU.ActiveCfg = Debug|Any CPU
		{0AD92458-70B6-83D3-375A-31EA7E3DD54D}.Debug|Any CPU.Build.0 = Debug|Any CPU
		{0AD92458-70B6-83D3-375A-31EA7E3DD54D}.Release|Any CPU.ActiveCfg = Release|Any CPU
		{0AD92458-70B6-83D3-375A-31EA7E3DD54D}.Release|Any CPU.Build.0 = Release|Any CPU
		{07244085-1D09-23C5-B762-9B12D0FCBC49}.Debug|Any CPU.ActiveCfg = Debug|Any CPU
		{07244085-1D09-23C5-B762-9B12D0FCBC49}.Debug|Any CPU.Build.0 = Debug|Any CPU
		{07244085-1D09-23C5-B762-9B12D0FCBC49}.Release|Any CPU.ActiveCfg = Release|Any CPU
		{07244085-1D09-23C5-B762-9B12D0FCBC49}.Release|Any CPU.Build.0 = Release|Any CPU
		{712FB4EB-A0B9-6EF4-7A85-E13B12C20F39}.Debug|Any CPU.ActiveCfg = Debug|Any CPU
		{712FB4EB-A0B9-6EF4-7A85-E13B12C20F39}.Debug|Any CPU.Build.0 = Debug|Any CPU
		{712FB4EB-A0B9-6EF4-7A85-E13B12C20F39}.Release|Any CPU.ActiveCfg = Release|Any CPU
		{712FB4EB-A0B9-6EF4-7A85-E13B12C20F39}.Release|Any CPU.Build.0 = Release|Any CPU
		{28507D1F-CBB6-D6B1-916C-87D0050B43CB}.Debug|Any CPU.ActiveCfg = Debug|Any CPU
		{28507D1F-CBB6-D6B1-916C-87D0050B43CB}.Debug|Any CPU.Build.0 = Debug|Any CPU
		{28507D1F-CBB6-D6B1-916C-87D0050B43CB}.Release|Any CPU.ActiveCfg = Release|Any CPU
		{28507D1F-CBB6-D6B1-916C-87D0050B43CB}.Release|Any CPU.Build.0 = Release|Any CPU
		{67A57321-086F-B4F2-132A-CAC00278F2C5}.Debug|Any CPU.ActiveCfg = Debug|Any CPU
		{67A57321-086F-B4F2-132A-CAC00278F2C5}.Debug|Any CPU.Build.0 = Debug|Any CPU
		{67A57321-086F-B4F2-132A-CAC00278F2C5}.Release|Any CPU.ActiveCfg = Release|Any CPU
		{67A57321-086F-B4F2-132A-CAC00278F2C5}.Release|Any CPU.Build.0 = Release|Any CPU
		{30E08BAF-F06B-AE77-5804-C4E3CEFE4924}.Debug|Any CPU.ActiveCfg = Debug|Any CPU
		{30E08BAF-F06B-AE77-5804-C4E3CEFE4924}.Debug|Any CPU.Build.0 = Debug|Any CPU
		{30E08BAF-F06B-AE77-5804-C4E3CEFE4924}.Release|Any CPU.ActiveCfg = Release|Any CPU
		{30E08BAF-F06B-AE77-5804-C4E3CEFE4924}.Release|Any CPU.Build.0 = Release|Any CPU
		{120FFEBE-68F6-7C26-A81E-5AD016FC52E4}.Debug|Any CPU.ActiveCfg = Debug|Any CPU
		{120FFEBE-68F6-7C26-A81E-5AD016FC52E4}.Debug|Any CPU.Build.0 = Debug|Any CPU
		{120FFEBE-68F6-7C26-A81E-5AD016FC52E4}.Release|Any CPU.ActiveCfg = Release|Any CPU
		{120FFEBE-68F6-7C26-A81E-5AD016FC52E4}.Release|Any CPU.Build.0 = Release|Any CPU
		{AC853EE5-547A-120E-EE20-3C26CAF0BA75}.Debug|Any CPU.ActiveCfg = Debug|Any CPU
		{AC853EE5-547A-120E-EE20-3C26CAF0BA75}.Debug|Any CPU.Build.0 = Debug|Any CPU
		{AC853EE5-547A-120E-EE20-3C26CAF0BA75}.Release|Any CPU.ActiveCfg = Release|Any CPU
		{AC853EE5-547A-120E-EE20-3C26CAF0BA75}.Release|Any CPU.Build.0 = Release|Any CPU
		{8A4233C0-A47A-FD4F-4547-7F430E6976F2}.Debug|Any CPU.ActiveCfg = Debug|Any CPU
		{8A4233C0-A47A-FD4F-4547-7F430E6976F2}.Debug|Any CPU.Build.0 = Debug|Any CPU
		{8A4233C0-A47A-FD4F-4547-7F430E6976F2}.Release|Any CPU.ActiveCfg = Release|Any CPU
		{8A4233C0-A47A-FD4F-4547-7F430E6976F2}.Release|Any CPU.Build.0 = Release|Any CPU
		{8320D586-A1C7-C170-1712-11A7CF7E8817}.Debug|Any CPU.ActiveCfg = Debug|Any CPU
		{8320D586-A1C7-C170-1712-11A7CF7E8817}.Debug|Any CPU.Build.0 = Debug|Any CPU
		{8320D586-A1C7-C170-1712-11A7CF7E8817}.Release|Any CPU.ActiveCfg = Release|Any CPU
		{8320D586-A1C7-C170-1712-11A7CF7E8817}.Release|Any CPU.Build.0 = Release|Any CPU
		{D083611E-E261-97B8-6D66-E8D95FACD8B2}.Debug|Any CPU.ActiveCfg = Debug|Any CPU
		{D083611E-E261-97B8-6D66-E8D95FACD8B2}.Debug|Any CPU.Build.0 = Debug|Any CPU
		{D083611E-E261-97B8-6D66-E8D95FACD8B2}.Release|Any CPU.ActiveCfg = Release|Any CPU
		{D083611E-E261-97B8-6D66-E8D95FACD8B2}.Release|Any CPU.Build.0 = Release|Any CPU
		{A3314C9B-DA72-63D6-168A-52CAC285D916}.Debug|Any CPU.ActiveCfg = Debug|Any CPU
		{A3314C9B-DA72-63D6-168A-52CAC285D916}.Debug|Any CPU.Build.0 = Debug|Any CPU
		{A3314C9B-DA72-63D6-168A-52CAC285D916}.Release|Any CPU.ActiveCfg = Release|Any CPU
		{A3314C9B-DA72-63D6-168A-52CAC285D916}.Release|Any CPU.Build.0 = Release|Any CPU
		{4184B375-3598-D027-14CB-88BE07AF5649}.Debug|Any CPU.ActiveCfg = Debug|Any CPU
		{4184B375-3598-D027-14CB-88BE07AF5649}.Debug|Any CPU.Build.0 = Debug|Any CPU
		{4184B375-3598-D027-14CB-88BE07AF5649}.Release|Any CPU.ActiveCfg = Release|Any CPU
		{4184B375-3598-D027-14CB-88BE07AF5649}.Release|Any CPU.Build.0 = Release|Any CPU
		{4DDBD4C8-96E6-D7B8-ECF9-A0BB33D734A4}.Debug|Any CPU.ActiveCfg = Debug|Any CPU
		{4DDBD4C8-96E6-D7B8-ECF9-A0BB33D734A4}.Debug|Any CPU.Build.0 = Debug|Any CPU
		{4DDBD4C8-96E6-D7B8-ECF9-A0BB33D734A4}.Release|Any CPU.ActiveCfg = Release|Any CPU
		{4DDBD4C8-96E6-D7B8-ECF9-A0BB33D734A4}.Release|Any CPU.Build.0 = Release|Any CPU
		{EFC83193-2683-E1FB-BA40-88C921E7AC28}.Debug|Any CPU.ActiveCfg = Debug|Any CPU
		{EFC83193-2683-E1FB-BA40-88C921E7AC28}.Debug|Any CPU.Build.0 = Debug|Any CPU
		{EFC83193-2683-E1FB-BA40-88C921E7AC28}.Release|Any CPU.ActiveCfg = Release|Any CPU
		{EFC83193-2683-E1FB-BA40-88C921E7AC28}.Release|Any CPU.Build.0 = Release|Any CPU
		{AE69195A-A8E8-2766-0EA7-1A69B201A771}.Debug|Any CPU.ActiveCfg = Debug|Any CPU
		{AE69195A-A8E8-2766-0EA7-1A69B201A771}.Debug|Any CPU.Build.0 = Debug|Any CPU
		{AE69195A-A8E8-2766-0EA7-1A69B201A771}.Release|Any CPU.ActiveCfg = Release|Any CPU
		{AE69195A-A8E8-2766-0EA7-1A69B201A771}.Release|Any CPU.Build.0 = Release|Any CPU
		{97D14F57-3D3E-68EA-3576-38CD69FB3EF6}.Debug|Any CPU.ActiveCfg = Debug|Any CPU
		{97D14F57-3D3E-68EA-3576-38CD69FB3EF6}.Debug|Any CPU.Build.0 = Debug|Any CPU
		{97D14F57-3D3E-68EA-3576-38CD69FB3EF6}.Release|Any CPU.ActiveCfg = Release|Any CPU
		{97D14F57-3D3E-68EA-3576-38CD69FB3EF6}.Release|Any CPU.Build.0 = Release|Any CPU
		{EACC7057-5CBD-3A48-72EF-B94041966854}.Debug|Any CPU.ActiveCfg = Debug|Any CPU
		{EACC7057-5CBD-3A48-72EF-B94041966854}.Debug|Any CPU.Build.0 = Debug|Any CPU
		{EACC7057-5CBD-3A48-72EF-B94041966854}.Release|Any CPU.ActiveCfg = Release|Any CPU
		{EACC7057-5CBD-3A48-72EF-B94041966854}.Release|Any CPU.Build.0 = Release|Any CPU
		{2DFCF014-4367-A85B-F424-E33E7B760642}.Debug|Any CPU.ActiveCfg = Debug|Any CPU
		{2DFCF014-4367-A85B-F424-E33E7B760642}.Debug|Any CPU.Build.0 = Debug|Any CPU
		{2DFCF014-4367-A85B-F424-E33E7B760642}.Release|Any CPU.ActiveCfg = Release|Any CPU
		{2DFCF014-4367-A85B-F424-E33E7B760642}.Release|Any CPU.Build.0 = Release|Any CPU
		{2B5ADDA0-2794-42BE-7EBA-BE1D1CE99C5A}.Debug|Any CPU.ActiveCfg = Debug|Any CPU
		{2B5ADDA0-2794-42BE-7EBA-BE1D1CE99C5A}.Debug|Any CPU.Build.0 = Debug|Any CPU
		{2B5ADDA0-2794-42BE-7EBA-BE1D1CE99C5A}.Release|Any CPU.ActiveCfg = Release|Any CPU
		{2B5ADDA0-2794-42BE-7EBA-BE1D1CE99C5A}.Release|Any CPU.Build.0 = Release|Any CPU
		{E984A366-74B2-FE7E-6668-AB45169114DF}.Debug|Any CPU.ActiveCfg = Debug|Any CPU
		{E984A366-74B2-FE7E-6668-AB45169114DF}.Debug|Any CPU.Build.0 = Debug|Any CPU
		{E984A366-74B2-FE7E-6668-AB45169114DF}.Release|Any CPU.ActiveCfg = Release|Any CPU
		{E984A366-74B2-FE7E-6668-AB45169114DF}.Release|Any CPU.Build.0 = Release|Any CPU
		{8D652DA9-455E-3263-C5F6-13BE278B7072}.Debug|Any CPU.ActiveCfg = Debug|Any CPU
		{8D652DA9-455E-3263-C5F6-13BE278B7072}.Debug|Any CPU.Build.0 = Debug|Any CPU
		{8D652DA9-455E-3263-C5F6-13BE278B7072}.Release|Any CPU.ActiveCfg = Release|Any CPU
		{8D652DA9-455E-3263-C5F6-13BE278B7072}.Release|Any CPU.Build.0 = Release|Any CPU
		{D0B57D6B-569C-A0F8-1F4E-A3088C2726FE}.Debug|Any CPU.ActiveCfg = Debug|Any CPU
		{D0B57D6B-569C-A0F8-1F4E-A3088C2726FE}.Debug|Any CPU.Build.0 = Debug|Any CPU
		{D0B57D6B-569C-A0F8-1F4E-A3088C2726FE}.Release|Any CPU.ActiveCfg = Release|Any CPU
		{D0B57D6B-569C-A0F8-1F4E-A3088C2726FE}.Release|Any CPU.Build.0 = Release|Any CPU
		{ACBCC63B-9DAA-E04F-04D9-07303D689FE4}.Debug|Any CPU.ActiveCfg = Debug|Any CPU
		{ACBCC63B-9DAA-E04F-04D9-07303D689FE4}.Debug|Any CPU.Build.0 = Debug|Any CPU
		{ACBCC63B-9DAA-E04F-04D9-07303D689FE4}.Release|Any CPU.ActiveCfg = Release|Any CPU
		{ACBCC63B-9DAA-E04F-04D9-07303D689FE4}.Release|Any CPU.Build.0 = Release|Any CPU
		{0D4A64F8-7281-43F6-F6BE-74756B96F424}.Debug|Any CPU.ActiveCfg = Debug|Any CPU
		{0D4A64F8-7281-43F6-F6BE-74756B96F424}.Debug|Any CPU.Build.0 = Debug|Any CPU
		{0D4A64F8-7281-43F6-F6BE-74756B96F424}.Release|Any CPU.ActiveCfg = Release|Any CPU
		{0D4A64F8-7281-43F6-F6BE-74756B96F424}.Release|Any CPU.Build.0 = Release|Any CPU
		{71496F4F-F4C0-DB10-9D5F-BF2C578C4AE5}.Debug|Any CPU.ActiveCfg = Debug|Any CPU
		{71496F4F-F4C0-DB10-9D5F-BF2C578C4AE5}.Debug|Any CPU.Build.0 = Debug|Any CPU
		{71496F4F-F4C0-DB10-9D5F-BF2C578C4AE5}.Release|Any CPU.ActiveCfg = Release|Any CPU
		{71496F4F-F4C0-DB10-9D5F-BF2C578C4AE5}.Release|Any CPU.Build.0 = Release|Any CPU
		{B870C5B9-3367-6D2F-82F6-2E8039A3DA46}.Debug|Any CPU.ActiveCfg = Debug|Any CPU
		{B870C5B9-3367-6D2F-82F6-2E8039A3DA46}.Debug|Any CPU.Build.0 = Debug|Any CPU
		{B870C5B9-3367-6D2F-82F6-2E8039A3DA46}.Release|Any CPU.ActiveCfg = Release|Any CPU
		{B870C5B9-3367-6D2F-82F6-2E8039A3DA46}.Release|Any CPU.Build.0 = Release|Any CPU
		{471D754D-5880-3A58-92C6-86D0A0A425A5}.Debug|Any CPU.ActiveCfg = Debug|Any CPU
		{471D754D-5880-3A58-92C6-86D0A0A425A5}.Debug|Any CPU.Build.0 = Debug|Any CPU
		{471D754D-5880-3A58-92C6-86D0A0A425A5}.Release|Any CPU.ActiveCfg = Release|Any CPU
		{471D754D-5880-3A58-92C6-86D0A0A425A5}.Release|Any CPU.Build.0 = Release|Any CPU
		{65475D46-C656-5F2D-B847-12112C4F4E6D}.Debug|Any CPU.ActiveCfg = Debug|Any CPU
		{65475D46-C656-5F2D-B847-12112C4F4E6D}.Debug|Any CPU.Build.0 = Debug|Any CPU
		{65475D46-C656-5F2D-B847-12112C4F4E6D}.Release|Any CPU.ActiveCfg = Release|Any CPU
		{65475D46-C656-5F2D-B847-12112C4F4E6D}.Release|Any CPU.Build.0 = Release|Any CPU
		{5A324E27-0B4D-844A-871A-D433E2B3AE72}.Debug|Any CPU.ActiveCfg = Debug|Any CPU
		{5A324E27-0B4D-844A-871A-D433E2B3AE72}.Debug|Any CPU.Build.0 = Debug|Any CPU
		{5A324E27-0B4D-844A-871A-D433E2B3AE72}.Release|Any CPU.ActiveCfg = Release|Any CPU
		{5A324E27-0B4D-844A-871A-D433E2B3AE72}.Release|Any CPU.Build.0 = Release|Any CPU
		{39AC8F22-FEBA-F770-5B7F-1B33E0D14EFE}.Debug|Any CPU.ActiveCfg = Debug|Any CPU
		{39AC8F22-FEBA-F770-5B7F-1B33E0D14EFE}.Debug|Any CPU.Build.0 = Debug|Any CPU
		{39AC8F22-FEBA-F770-5B7F-1B33E0D14EFE}.Release|Any CPU.ActiveCfg = Release|Any CPU
		{39AC8F22-FEBA-F770-5B7F-1B33E0D14EFE}.Release|Any CPU.Build.0 = Release|Any CPU
		{2278E282-EF8F-87CD-E3F2-DE257307D931}.Debug|Any CPU.ActiveCfg = Debug|Any CPU
		{2278E282-EF8F-87CD-E3F2-DE257307D931}.Debug|Any CPU.Build.0 = Debug|Any CPU
		{2278E282-EF8F-87CD-E3F2-DE257307D931}.Release|Any CPU.ActiveCfg = Release|Any CPU
		{2278E282-EF8F-87CD-E3F2-DE257307D931}.Release|Any CPU.Build.0 = Release|Any CPU
		{6BE51E86-139C-4A64-A5EA-3CC94ACFD1A9}.Debug|Any CPU.ActiveCfg = Debug|Any CPU
		{6BE51E86-139C-4A64-A5EA-3CC94ACFD1A9}.Debug|Any CPU.Build.0 = Debug|Any CPU
		{6BE51E86-139C-4A64-A5EA-3CC94ACFD1A9}.Release|Any CPU.ActiveCfg = Release|Any CPU
		{6BE51E86-139C-4A64-A5EA-3CC94ACFD1A9}.Release|Any CPU.Build.0 = Release|Any CPU
		{F52E8435-C87C-54D6-7801-A92BA7A4E6C8}.Debug|Any CPU.ActiveCfg = Debug|Any CPU
		{F52E8435-C87C-54D6-7801-A92BA7A4E6C8}.Debug|Any CPU.Build.0 = Debug|Any CPU
		{F52E8435-C87C-54D6-7801-A92BA7A4E6C8}.Release|Any CPU.ActiveCfg = Release|Any CPU
		{F52E8435-C87C-54D6-7801-A92BA7A4E6C8}.Release|Any CPU.Build.0 = Release|Any CPU
		{D51B9028-6688-D944-CBE5-DE8ECEE3A6FB}.Debug|Any CPU.ActiveCfg = Debug|Any CPU
		{D51B9028-6688-D944-CBE5-DE8ECEE3A6FB}.Debug|Any CPU.Build.0 = Debug|Any CPU
		{D51B9028-6688-D944-CBE5-DE8ECEE3A6FB}.Release|Any CPU.ActiveCfg = Release|Any CPU
		{D51B9028-6688-D944-CBE5-DE8ECEE3A6FB}.Release|Any CPU.Build.0 = Release|Any CPU
		{357B2933-69F0-12A2-F3E5-985F89B0394D}.Debug|Any CPU.ActiveCfg = Debug|Any CPU
		{357B2933-69F0-12A2-F3E5-985F89B0394D}.Debug|Any CPU.Build.0 = Debug|Any CPU
		{357B2933-69F0-12A2-F3E5-985F89B0394D}.Release|Any CPU.ActiveCfg = Release|Any CPU
		{357B2933-69F0-12A2-F3E5-985F89B0394D}.Release|Any CPU.Build.0 = Release|Any CPU
		{1ED554FC-89BA-E890-87AB-ECD5F6DD053A}.Debug|Any CPU.ActiveCfg = Debug|Any CPU
		{1ED554FC-89BA-E890-87AB-ECD5F6DD053A}.Debug|Any CPU.Build.0 = Debug|Any CPU
		{1ED554FC-89BA-E890-87AB-ECD5F6DD053A}.Release|Any CPU.ActiveCfg = Release|Any CPU
		{1ED554FC-89BA-E890-87AB-ECD5F6DD053A}.Release|Any CPU.Build.0 = Release|Any CPU
		{D0452F2E-93E3-59C1-2BC6-F088289F1DEB}.Debug|Any CPU.ActiveCfg = Debug|Any CPU
		{D0452F2E-93E3-59C1-2BC6-F088289F1DEB}.Debug|Any CPU.Build.0 = Debug|Any CPU
		{D0452F2E-93E3-59C1-2BC6-F088289F1DEB}.Release|Any CPU.ActiveCfg = Release|Any CPU
		{D0452F2E-93E3-59C1-2BC6-F088289F1DEB}.Release|Any CPU.Build.0 = Release|Any CPU
		{A1A0F9F4-4826-A439-BB7F-21246EB4B317}.Debug|Any CPU.ActiveCfg = Debug|Any CPU
		{A1A0F9F4-4826-A439-BB7F-21246EB4B317}.Debug|Any CPU.Build.0 = Debug|Any CPU
		{A1A0F9F4-4826-A439-BB7F-21246EB4B317}.Release|Any CPU.ActiveCfg = Release|Any CPU
		{A1A0F9F4-4826-A439-BB7F-21246EB4B317}.Release|Any CPU.Build.0 = Release|Any CPU
		{75238056-F21D-4154-161A-B0F65F4A8143}.Debug|Any CPU.ActiveCfg = Debug|Any CPU
		{75238056-F21D-4154-161A-B0F65F4A8143}.Debug|Any CPU.Build.0 = Debug|Any CPU
		{75238056-F21D-4154-161A-B0F65F4A8143}.Release|Any CPU.ActiveCfg = Release|Any CPU
		{75238056-F21D-4154-161A-B0F65F4A8143}.Release|Any CPU.Build.0 = Release|Any CPU
		{238A82F7-5767-CB7E-5B46-6C1626C34BA5}.Debug|Any CPU.ActiveCfg = Debug|Any CPU
		{238A82F7-5767-CB7E-5B46-6C1626C34BA5}.Debug|Any CPU.Build.0 = Debug|Any CPU
		{238A82F7-5767-CB7E-5B46-6C1626C34BA5}.Release|Any CPU.ActiveCfg = Release|Any CPU
		{238A82F7-5767-CB7E-5B46-6C1626C34BA5}.Release|Any CPU.Build.0 = Release|Any CPU
		{C1351568-A641-3AA0-6CCA-BBF5AE1C126A}.Debug|Any CPU.ActiveCfg = Debug|Any CPU
		{C1351568-A641-3AA0-6CCA-BBF5AE1C126A}.Debug|Any CPU.Build.0 = Debug|Any CPU
		{C1351568-A641-3AA0-6CCA-BBF5AE1C126A}.Release|Any CPU.ActiveCfg = Release|Any CPU
		{C1351568-A641-3AA0-6CCA-BBF5AE1C126A}.Release|Any CPU.Build.0 = Release|Any CPU
		{F838FEC5-4783-F004-E47B-D65DB2631283}.Debug|Any CPU.ActiveCfg = Debug|Any CPU
		{F838FEC5-4783-F004-E47B-D65DB2631283}.Debug|Any CPU.Build.0 = Debug|Any CPU
		{F838FEC5-4783-F004-E47B-D65DB2631283}.Release|Any CPU.ActiveCfg = Release|Any CPU
		{F838FEC5-4783-F004-E47B-D65DB2631283}.Release|Any CPU.Build.0 = Release|Any CPU
		{ED0D75EE-4A2F-491A-2670-EAFD676331B0}.Debug|Any CPU.ActiveCfg = Debug|Any CPU
		{ED0D75EE-4A2F-491A-2670-EAFD676331B0}.Debug|Any CPU.Build.0 = Debug|Any CPU
		{ED0D75EE-4A2F-491A-2670-EAFD676331B0}.Release|Any CPU.ActiveCfg = Release|Any CPU
		{ED0D75EE-4A2F-491A-2670-EAFD676331B0}.Release|Any CPU.Build.0 = Release|Any CPU
		{35E06C6A-6D4D-305E-31D9-168818618084}.Debug|Any CPU.ActiveCfg = Debug|Any CPU
		{35E06C6A-6D4D-305E-31D9-168818618084}.Debug|Any CPU.Build.0 = Debug|Any CPU
		{35E06C6A-6D4D-305E-31D9-168818618084}.Release|Any CPU.ActiveCfg = Release|Any CPU
		{35E06C6A-6D4D-305E-31D9-168818618084}.Release|Any CPU.Build.0 = Release|Any CPU
		{ED19634F-3E14-01E2-E7AE-2A4FAC9F0E01}.Debug|Any CPU.ActiveCfg = Debug|Any CPU
		{ED19634F-3E14-01E2-E7AE-2A4FAC9F0E01}.Debug|Any CPU.Build.0 = Debug|Any CPU
		{ED19634F-3E14-01E2-E7AE-2A4FAC9F0E01}.Release|Any CPU.ActiveCfg = Release|Any CPU
		{ED19634F-3E14-01E2-E7AE-2A4FAC9F0E01}.Release|Any CPU.Build.0 = Release|Any CPU
		{1F8D2212-875E-2635-E3A5-57C6C082FE6E}.Debug|Any CPU.ActiveCfg = Debug|Any CPU
		{1F8D2212-875E-2635-E3A5-57C6C082FE6E}.Debug|Any CPU.Build.0 = Debug|Any CPU
		{1F8D2212-875E-2635-E3A5-57C6C082FE6E}.Release|Any CPU.ActiveCfg = Release|Any CPU
		{1F8D2212-875E-2635-E3A5-57C6C082FE6E}.Release|Any CPU.Build.0 = Release|Any CPU
		{9BDF2F55-1E70-5776-F905-8FCD43161916}.Debug|Any CPU.ActiveCfg = Debug|Any CPU
		{9BDF2F55-1E70-5776-F905-8FCD43161916}.Debug|Any CPU.Build.0 = Debug|Any CPU
		{9BDF2F55-1E70-5776-F905-8FCD43161916}.Release|Any CPU.ActiveCfg = Release|Any CPU
		{9BDF2F55-1E70-5776-F905-8FCD43161916}.Release|Any CPU.Build.0 = Release|Any CPU
		{3615E020-042F-CB88-D8F3-EC3B9C75075D}.Debug|Any CPU.ActiveCfg = Debug|Any CPU
		{3615E020-042F-CB88-D8F3-EC3B9C75075D}.Debug|Any CPU.Build.0 = Debug|Any CPU
		{3615E020-042F-CB88-D8F3-EC3B9C75075D}.Release|Any CPU.ActiveCfg = Release|Any CPU
		{3615E020-042F-CB88-D8F3-EC3B9C75075D}.Release|Any CPU.Build.0 = Release|Any CPU
		{5B944E34-83B3-EDC4-BFB6-08C98B2CD61A}.Debug|Any CPU.ActiveCfg = Debug|Any CPU
		{5B944E34-83B3-EDC4-BFB6-08C98B2CD61A}.Debug|Any CPU.Build.0 = Debug|Any CPU
		{5B944E34-83B3-EDC4-BFB6-08C98B2CD61A}.Release|Any CPU.ActiveCfg = Release|Any CPU
		{5B944E34-83B3-EDC4-BFB6-08C98B2CD61A}.Release|Any CPU.Build.0 = Release|Any CPU
		{E8F99E5A-50C7-E378-3C87-686E0C33E4C0}.Debug|Any CPU.ActiveCfg = Debug|Any CPU
		{E8F99E5A-50C7-E378-3C87-686E0C33E4C0}.Debug|Any CPU.Build.0 = Debug|Any CPU
		{E8F99E5A-50C7-E378-3C87-686E0C33E4C0}.Release|Any CPU.ActiveCfg = Release|Any CPU
		{E8F99E5A-50C7-E378-3C87-686E0C33E4C0}.Release|Any CPU.Build.0 = Release|Any CPU
		{A0FCD35B-C6F7-029E-4922-AAAFB9406CF9}.Debug|Any CPU.ActiveCfg = Debug|Any CPU
		{A0FCD35B-C6F7-029E-4922-AAAFB9406CF9}.Debug|Any CPU.Build.0 = Debug|Any CPU
		{A0FCD35B-C6F7-029E-4922-AAAFB9406CF9}.Release|Any CPU.ActiveCfg = Release|Any CPU
		{A0FCD35B-C6F7-029E-4922-AAAFB9406CF9}.Release|Any CPU.Build.0 = Release|Any CPU
		{9AB7F8D5-C405-54D1-8A9F-12AE06A69155}.Debug|Any CPU.ActiveCfg = Debug|Any CPU
		{9AB7F8D5-C405-54D1-8A9F-12AE06A69155}.Debug|Any CPU.Build.0 = Debug|Any CPU
		{9AB7F8D5-C405-54D1-8A9F-12AE06A69155}.Release|Any CPU.ActiveCfg = Release|Any CPU
		{9AB7F8D5-C405-54D1-8A9F-12AE06A69155}.Release|Any CPU.Build.0 = Release|Any CPU
	EndGlobalSection
	GlobalSection(SolutionProperties) = preSolution
		HideSolutionNode = FALSE
	EndGlobalSection
EndGlobal
